{
  "name": "ocr",
  "version": "1.0.0",
  "lockfileVersion": 1,
  "requires": true,
  "dependencies": {
    "@alicloud/imagerecog-2019-09-30": {
      "version": "1.4.0",
      "resolved": "https://registry.npmmirror.com/@alicloud/imagerecog-2019-09-30/-/imagerecog-2019-09-30-1.4.0.tgz",
      "integrity": "sha512-0g5qo7UZjV3PrVZvDJfp4Iwo0CFnuj7p9ktjoBs6uaKzgrvkWzML4govtozpYDWaUPpLVw/WWI20WSYDjEKqdQ==",
      "requires": {
        "@alicloud/pop-core": "^1.7.1"
      }
    },
    "@alicloud/ocr-2019-12-30": {
      "version": "1.2.2",
      "resolved": "https://registry.npmmirror.com/@alicloud/ocr-2019-12-30/-/ocr-2019-12-30-1.2.2.tgz",
      "integrity": "sha512-jJ/FZ8JvWMQhA1SGEGh0Er6ob3fIhmZEaAMv6W/LRgejIee+s5ps4S/NToVpcTLMZQ6dq9Xn8rjjGb0dfe48Lw==",
      "requires": {
        "@alicloud/pop-core": "^1.7.1"
      }
    },
    "@alicloud/pop-core": {
      "version": "1.7.12",
      "resolved": "https://registry.npmmirror.com/@alicloud/pop-core/-/pop-core-1.7.12.tgz",
      "integrity": "sha512-02w3IpR8NPyjGwlDeYbFhG26HyIeUhC8/SJ1rz3DHLLQ4ktvXmw86BBIa+TgnyX/+/98/iaQpCzrfIRZNNYHwA==",
      "requires": {
        "debug": "^3.1.0",
        "httpx": "^2.1.2",
        "json-bigint": "^1.0.0",
        "kitx": "^1.2.1",
        "xml2js": "^0.4.17"
      }
    },
    "@types/node": {
      "version": "14.18.23",
      "resolved": "https://registry.npmmirror.com/@types/node/-/node-14.18.23.tgz",
      "integrity": "sha512-MhbCWN18R4GhO8ewQWAFK4TGQdBpXWByukz7cWyJmXhvRuCIaM/oWytGPqVmDzgEnnaIc9ss6HbU5mUi+vyZPA=="
    },
    "bignumber.js": {
      "version": "9.0.2",
      "resolved": "https://registry.npmmirror.com/bignumber.js/-/bignumber.js-9.0.2.tgz",
      "integrity": "sha512-GAcQvbpsM0pUb0zw1EI0KhQEZ+lRwR5fYaAp3vPOYuP7aDvGy6cVN6XHLauvF8SOga2y0dcLcjt3iQDTSEliyw=="
    },
    "debug": {
      "version": "3.2.7",
      "resolved": "https://registry.npmmirror.com/debug/-/debug-3.2.7.tgz",
      "integrity": "sha512-CFjzYYAi4ThfiQvizrFQevTTXHtnCqWfe7x1AhgEscTz6ZbLbfoLRLPugTQyBth6f8ZERVUSyWHFD/7Wu4t1XQ==",
      "requires": {
        "ms": "^2.1.1"
      }
    },
    "httpx": {
      "version": "2.2.7",
      "resolved": "https://registry.npmmirror.com/httpx/-/httpx-2.2.7.tgz",
      "integrity": "sha512-Wjh2JOAah0pdczfqL8NC5378G7jMt0Zcpn8U+yyxAiejjlagzSTQgJHuVvka2VNPQlKfoGehYRc79WKq9E4gDw==",
      "requires": {
        "@types/node": "^14",
        "debug": "^4.1.1"
      },
      "dependencies": {
        "debug": {
          "version": "4.3.4",
          "resolved": "https://registry.npmmirror.com/debug/-/debug-4.3.4.tgz",
          "integrity": "sha512-PRWFHuSU3eDtQJPvnNY7Jcket1j0t5OuOsFzPPzsekD52Zl8qUfFIPEiswXqIvHWGVHOgX+7G/vCNNhehwxfkQ==",
          "requires": {
            "ms": "2.1.2"
          }
        },
        "ms": {
          "version": "2.1.2",
          "resolved": "https://registry.npmmirror.com/ms/-/ms-2.1.2.tgz",
          "integrity": "sha512-sGkPx+VjMtmA6MX27oA4FBFELFCZZ4S4XqeGOXCv68tT+jb3vk/RyaKWP0PTKyWtmLSM0b+adUTEvbs1PEaH2w=="
        }
      }
    },
    "json-bigint": {
      "version": "1.0.0",
      "resolved": "https://registry.npmmirror.com/json-bigint/-/json-bigint-1.0.0.tgz",
      "integrity": "sha512-SiPv/8VpZuWbvLSMtTDU8hEfrZWg/mH/nV/b4o0CYbSxu1UIQPLdwKOCIyLQX+VIPO5vrLX3i8qtqFyhdPSUSQ==",
      "requires": {
        "bignumber.js": "^9.0.0"
      }
    },
    "kitx": {
      "version": "1.3.0",
      "resolved": "https://registry.npmmirror.com/kitx/-/kitx-1.3.0.tgz",
      "integrity": "sha512-fhBqFlXd0GkKTB+8ayLfpzPUw+LHxZlPAukPNBD1Om7JMeInT+/PxCAf1yLagvD+VKoyWhXtJR68xQkX/a0wOQ=="
    },
    "ms": {
      "version": "2.1.3",
      "resolved": "https://registry.npmmirror.com/ms/-/ms-2.1.3.tgz",
      "integrity": "sha512-6FlzubTLZG3J2a/NVCAleEhjzq5oxgHyaCU9yYXvcLsvoVaHJq/s5xXI6/XXP6tz7R9xAOtHnSO/tXtF3WRTlA=="
    },
    "sax": {
      "version": "1.2.4",
      "resolved": "https://registry.npmmirror.com/sax/-/sax-1.2.4.tgz",
      "integrity": "sha512-NqVDv9TpANUjFm0N8uM5GxL36UgKi9/atZw+x7YFnQ8ckwFGKrl4xX4yWtrey3UJm5nP1kUbnYgLopqWNSRhWw=="
    },
    "xml2js": {
      "version": "0.4.23",
      "resolved": "https://registry.npmmirror.com/xml2js/-/xml2js-0.4.23.tgz",
      "integrity": "sha512-ySPiMjM0+pLDftHgXY4By0uswI3SPKLDw/i3UXbnO8M/p28zqexCUoPmQFrYD+/1BzhGJSs2i1ERWKJAtiLrug==",
      "requires": {
        "sax": ">=0.6.0",
        "xmlbuilder": "~11.0.0"
      }
    },
    "xmlbuilder": {
      "version": "11.0.1",
      "resolved": "https://registry.npmmirror.com/xmlbuilder/-/xmlbuilder-11.0.1.tgz",
      "integrity": "sha512-fDlsI/kFEx7gLvbecc0/ohLG50fugQp8ryHzMTuW9vSa1GJ0XYWKnhsUx7oie3G98+r56aTQIUB4kht42R3JvA=="
    }
  }
}
